
Microsoft Visual Studio Solution File, Format Version 12.00
# Visual Studio Version 17
VisualStudioVersion = 17.14.36511.14 d17.14
MinimumVisualStudioVersion = 10.0.40219.1
Project("{FAE04EC0-301F-11D3-BF4B-00C04F79EFBC}") = "SmartHomeContoller", "SmartHomeContoller\SmartHomeContoller.csproj", "{114CF28A-771D-4B18-AB27-076EEF83505E}"
EndProject
Global
	GlobalSection(SolutionConfigurationPlatforms) = preSolution
		Debug|Any CPU = Debug|Any CPU
		Release|Any CPU = Release|Any CPU
	EndGlobalSection
	GlobalSection(ProjectConfigurationPlatforms) = postSolution
		{114CF28A-771D-4B18-AB27-076EEF83505E}.Debug|Any CPU.ActiveCfg = Debug|Any CPU
		{114CF28A-771D-4B18-AB27-076EEF83505E}.Debug|Any CPU.Build.0 = Debug|Any CPU
		{114CF28A-771D-4B18-AB27-076EEF83505E}.Release|Any CPU.ActiveCfg = Release|Any CPU
		{114CF28A-771D-4B18-AB27-076EEF83505E}.Release|Any CPU.Build.0 = Release|Any CPU
	EndGlobalSection
	GlobalSection(SolutionProperties) = preSolution
		HideSolutionNode = FALSE
	EndGlobalSection
	GlobalSection(ExtensibilityGlobals) = postSolution
		SolutionGuid = {FE56B9A3-F343-4626-BC97-DF4D919AC244}
	EndGlobalSection
EndGlobal
